
Microsoft Visual Studio Solution File, Format Version 12.00
# Visual Studio Version 18
VisualStudioVersion = 18.0.0.0
MinimumVisualStudioVersion = 10.0.40219.1
Project("{2150E333-8FDC-42A3-9474-1A3956D46DE8}") = "studio", "studio", "{E7FC634A-46D6-8D60-CF2F-7736DEAAEBAC}"
EndProject
Project("{2150E333-8FDC-42A3-9474-1A3956D46DE8}") = "src", "src", "{5CD3AC2F-0D70-4AB2-2566-A29D002FBCA4}"
EndProject
Project("{FAE04EC0-301F-11D3-BF4B-00C04F79EFBC}") = "ModelDesk.Core", "studio\src\ModelDesk.Core\ModelDesk.Core.csproj", "{94FEF00E-3F20-4B9C-BCC8-BE58C3EA7D58}"
EndProject
Project("{FAE04EC0-301F-11D3-BF4B-00C04F79EFBC}") = "ModelDesk.Infrastructure", "studio\src\ModelDesk.Infrastructure\ModelDesk.Infrastructure.csproj", "{0117DE58-7CCC-451B-9BAD-C0C692D77556}"
EndProject
Project("{FAE04EC0-301F-11D3-BF4B-00C04F79EFBC}") = "ModelDesk.Desktop", "studio\src\ModelDesk.Desktop\ModelDesk.Desktop.csproj", "{FBBFF635-205E-4649-A1E7-E4A11D7A18A1}"
EndProject
Project("{FAE04EC0-301F-11D3-BF4B-00C04F79EFBC}") = "ModelDesk.Cli", "studio\src\ModelDesk.Cli\ModelDesk.Cli.csproj", "{0E01A49E-6D1E-4786-8E5F-279B415FC527}"
EndProject
Project("{2150E333-8FDC-42A3-9474-1A3956D46DE8}") = "tests", "tests", "{AFA35269-1A08-DE98-9883-2602CF94763E}"
EndProject
Project("{FAE04EC0-301F-11D3-BF4B-00C04F79EFBC}") = "ModelDesk.Tests", "studio\tests\ModelDesk.Tests\ModelDesk.Tests.csproj", "{E0528F80-BA6E-4C74-89C8-6E1B5FACBA41}"
EndProject
Global
	GlobalSection(SolutionConfigurationPlatforms) = preSolution
		Debug|Any CPU = Debug|Any CPU
		Debug|x64 = Debug|x64
		Debug|x86 = Debug|x86
		Release|Any CPU = Release|Any CPU
		Release|x64 = Release|x64
		Release|x86 = Release|x86
	EndGlobalSection
	GlobalSection(ProjectConfigurationPlatforms) = postSolution
		{94FEF00E-3F20-4B9C-BCC8-BE58C3EA7D58}.Debug|Any CPU.ActiveCfg = Debug|Any CPU
		{94FEF00E-3F20-4B9C-BCC8-BE58C3EA7D58}.Debug|Any CPU.Build.0 = Debug|Any CPU
		{94FEF00E-3F20-4B9C-BCC8-BE58C3EA7D58}.Debug|x64.ActiveCfg = Debug|Any CPU
		{94FEF00E-3F20-4B9C-BCC8-BE58C3EA7D58}.Debug|x64.Build.0 = Debug|Any CPU
		{94FEF00E-3F20-4B9C-BCC8-BE58C3EA7D58}.Debug|x86.ActiveCfg = Debug|Any CPU
		{94FEF00E-3F20-4B9C-BCC8-BE58C3EA7D58}.Debug|x86.Build.0 = Debug|Any CPU
		{94FEF00E-3F20-4B9C-BCC8-BE58C3EA7D58}.Release|Any CPU.ActiveCfg = Release|Any CPU
		{94FEF00E-3F20-4B9C-BCC8-BE58C3EA7D58}.Release|Any CPU.Build.0 = Release|Any CPU
		{94FEF00E-3F20-4B9C-BCC8-BE58C3EA7D58}.Release|x64.ActiveCfg = Release|Any CPU
		{94FEF00E-3F20-4B9C-BCC8-BE58C3EA7D58}.Release|x64.Build.0 = Release|Any CPU
		{94FEF00E-3F20-4B9C-BCC8-BE58C3EA7D58}.Release|x86.ActiveCfg = Release|Any CPU
		{94FEF00E-3F20-4B9C-BCC8-BE58C3EA7D58}.Release|x86.Build.0 = Release|Any CPU
		{0117DE58-7CCC-451B-9BAD-C0C692D77556}.Debug|Any CPU.ActiveCfg = Debug|Any CPU
		{0117DE58-7CCC-451B-9BAD-C0C692D77556}.Debug|Any CPU.Build.0 = Debug|Any CPU
		{0117DE58-7CCC-451B-9BAD-C0C692D77556}.Debug|x64.ActiveCfg = Debug|Any CPU
		{0117DE58-7CCC-451B-9BAD-C0C692D77556}.Debug|x64.Build.0 = Debug|Any CPU
		{0117DE58-7CCC-451B-9BAD-C0C692D77556}.Debug|x86.ActiveCfg = Debug|Any CPU
		{0117DE58-7CCC-451B-9BAD-C0C692D77556}.Debug|x86.Build.0 = Debug|Any CPU
		{0117DE58-7CCC-451B-9BAD-C0C692D77556}.Release|Any CPU.ActiveCfg = Release|Any CPU
		{0117DE58-7CCC-451B-9BAD-C0C692D77556}.Release|Any CPU.Build.0 = Release|Any CPU
		{0117DE58-7CCC-451B-9BAD-C0C692D77556}.Release|x64.ActiveCfg = Release|Any CPU
		{0117DE58-7CCC-451B-9BAD-C0C692D77556}.Release|x64.Build.0 = Release|Any CPU
		{0117DE58-7CCC-451B-9BAD-C0C692D77556}.Release|x86.ActiveCfg = Release|Any CPU
		{0117DE58-7CCC-451B-9BAD-C0C692D77556}.Release|x86.Build.0 = Release|Any CPU
		{FBBFF635-205E-4649-A1E7-E4A11D7A18A1}.Debug|Any CPU.ActiveCfg = Debug|Any CPU
		{FBBFF635-205E-4649-A1E7-E4A11D7A18A1}.Debug|Any CPU.Build.0 = Debug|Any CPU
		{FBBFF635-205E-4649-A1E7-E4A11D7A18A1}.Debug|x64.ActiveCfg = Debug|Any CPU
		{FBBFF635-205E-4649-A1E7-E4A11D7A18A1}.Debug|x64.Build.0 = Debug|Any CPU
		{FBBFF635-205E-4649-A1E7-E4A11D7A18A1}.Debug|x86.ActiveCfg = Debug|Any CPU
		{FBBFF635-205E-4649-A1E7-E4A11D7A18A1}.Debug|x86.Build.0 = Debug|Any CPU
		{FBBFF635-205E-4649-A1E7-E4A11D7A18A1}.Release|Any CPU.ActiveCfg = Release|Any CPU
		{FBBFF635-205E-4649-A1E7-E4A11D7A18A1}.Release|Any CPU.Build.0 = Release|Any CPU
		{FBBFF635-205E-4649-A1E7-E4A11D7A18A1}.Release|x64.ActiveCfg = Release|Any CPU
		{FBBFF635-205E-4649-A1E7-E4A11D7A18A1}.Release|x64.Build.0 = Release|Any CPU
		{FBBFF635-205E-4649-A1E7-E4A11D7A18A1}.Release|x86.ActiveCfg = Release|Any CPU
		{FBBFF635-205E-4649-A1E7-E4A11D7A18A1}.Release|x86.Build.0 = Release|Any CPU
		{0E01A49E-6D1E-4786-8E5F-279B415FC527}.Debug|Any CPU.ActiveCfg = Debug|Any CPU
		{0E01A49E-6D1E-4786-8E5F-279B415FC527}.Debug|Any CPU.Build.0 = Debug|Any CPU
		{0E01A49E-6D1E-4786-8E5F-279B415FC527}.Debug|x64.ActiveCfg = Debug|Any CPU
		{0E01A49E-6D1E-4786-8E5F-279B415FC527}.Debug|x64.Build.0 = Debug|Any CPU
		{0E01A49E-6D1E-4786-8E5F-279B415FC527}.Debug|x86.ActiveCfg = Debug|Any CPU
		{0E01A49E-6D1E-4786-8E5F-279B415FC527}.Debug|x86.Build.0 = Debug|Any CPU
		{0E01A49E-6D1E-4786-8E5F-279B415FC527}.Release|Any CPU.ActiveCfg = Release|Any CPU
		{0E01A49E-6D1E-4786-8E5F-279B415FC527}.Release|Any CPU.Build.0 = Release|Any CPU
		{0E01A49E-6D1E-4786-8E5F-279B415FC527}.Release|x64.ActiveCfg = Release|Any CPU
		{0E01A49E-6D1E-4786-8E5F-279B415FC527}.Release|x64.Build.0 = Release|Any CPU
		{0E01A49E-6D1E-4786-8E5F-279B415FC527}.Release|x86.ActiveCfg = Release|Any CPU
		{0E01A49E-6D1E-4786-8E5F-279B415FC527}.Release|x86.Build.0 = Release|Any CPU
		{E0528F80-BA6E-4C74-89C8-6E1B5FACBA41}.Debug|Any CPU.ActiveCfg = Debug|Any CPU
		{E0528F80-BA6E-4C74-89C8-6E1B5FACBA41}.Debug|Any CPU.Build.0 = Debug|Any CPU
		{E0528F80-BA6E-4C74-89C8-6E1B5FACBA41}.Debug|x64.ActiveCfg = Debug|Any CPU
		{E0528F80-BA6E-4C74-89C8-6E1B5FACBA41}.Debug|x64.Build.0 = Debug|Any CPU
		{E0528F80-BA6E-4C74-89C8-6E1B5FACBA41}.Debug|x86.ActiveCfg = Debug|Any CPU
		{E0528F80-BA6E-4C74-89C8-6E1B5FACBA41}.Debug|x86.Build.0 = Debug|Any CPU
		{E0528F80-BA6E-4C74-89C8-6E1B5FACBA41}.Release|Any CPU.ActiveCfg = Release|Any CPU
		{E0528F80-BA6E-4C74-89C8-6E1B5FACBA41}.Release|Any CPU.Build.0 = Release|Any CPU
		{E0528F80-BA6E-4C74-89C8-6E1B5FACBA41}.Release|x64.ActiveCfg = Release|Any CPU
		{E0528F80-BA6E-4C74-89C8-6E1B5FACBA41}.Release|x64.Build.0 = Release|Any CPU
		{E0528F80-BA6E-4C74-89C8-6E1B5FACBA41}.Release|x86.ActiveCfg = Release|Any CPU
		{E0528F80-BA6E-4C74-89C8-6E1B5FACBA41}.Release|x86.Build.0 = Release|Any CPU
	EndGlobalSection
	GlobalSection(SolutionProperties) = preSolution
		HideSolutionNode = FALSE
	EndGlobalSection
	GlobalSection(NestedProjects) = preSolution
		{5CD3AC2F-0D70-4AB2-2566-A29D002FBCA4} = {E7FC634A-46D6-8D60-CF2F-7736DEAAEBAC}
		{94FEF00E-3F20-4B9C-BCC8-BE58C3EA7D58} = {5CD3AC2F-0D70-4AB2-2566-A29D002FBCA4}
		{0117DE58-7CCC-451B-9BAD-C0C692D77556} = {5CD3AC2F-0D70-4AB2-2566-A29D002FBCA4}
		{FBBFF635-205E-4649-A1E7-E4A11D7A18A1} = {5CD3AC2F-0D70-4AB2-2566-A29D002FBCA4}
		{0E01A49E-6D1E-4786-8E5F-279B415FC527} = {5CD3AC2F-0D70-4AB2-2566-A29D002FBCA4}
		{AFA35269-1A08-DE98-9883-2602CF94763E} = {E7FC634A-46D6-8D60-CF2F-7736DEAAEBAC}
		{E0528F80-BA6E-4C74-89C8-6E1B5FACBA41} = {AFA35269-1A08-DE98-9883-2602CF94763E}
	EndGlobalSection
EndGlobal
